
Microsoft Visual Studio Solution File, Format Version 12.00
# Visual Studio Version 17
VisualStudioVersion = 17.13.35825.156 d17.13
MinimumVisualStudioVersion = 10.0.40219.1
Project("{FAE04EC0-301F-11D3-BF4B-00C04F79EFBC}") = "ExpenseTracker", "ExpenseTracker\ExpenseTracker.csproj", "{5C746DA9-4139-4806-8181-63C582A00DBE}"
EndProject
Global
	GlobalSection(SolutionConfigurationPlatforms) = preSolution
		Debug|Any CPU = Debug|Any CPU
		Release|Any CPU = Release|Any CPU
	EndGlobalSection
	GlobalSection(ProjectConfigurationPlatforms) = postSolution
		{5C746DA9-4139-4806-8181-63C582A00DBE}.Debug|Any CPU.ActiveCfg = Debug|Any CPU
		{5C746DA9-4139-4806-8181-63C582A00DBE}.Debug|Any CPU.Build.0 = Debug|Any CPU
		{5C746DA9-4139-4806-8181-63C582A00DBE}.Release|Any CPU.ActiveCfg = Release|Any CPU
		{5C746DA9-4139-4806-8181-63C582A00DBE}.Release|Any CPU.Build.0 = Release|Any CPU
	EndGlobalSection
	GlobalSection(SolutionProperties) = preSolution
		HideSolutionNode = FALSE
	EndGlobalSection
	GlobalSection(ExtensibilityGlobals) = postSolution
		SolutionGuid = {AD01283A-EA59-4C9D-B354-41E9C38B9998}
	EndGlobalSection
EndGlobal
